
Microsoft Visual Studio Solution File, Format Version 12.00
# Visual Studio Version 16
VisualStudioVersion = 16.0.30907.101
MinimumVisualStudioVersion = 10.0.40219.1
Project("{9A19103F-16F7-4668-BE54-9A1E7A4F7556}") = "PigLatin", "PigLatin\PigLatin.csproj", "{5D0AAF1D-C5AD-42A6-94A9-FEB98E569515}"
EndProject
Project("{9A19103F-16F7-4668-BE54-9A1E7A4F7556}") = "RockPaperScissors", "RockPaperScissors\RockPaperScissors.csproj", "{6B0FB208-B172-42C4-A9D4-E49A86E973F7}"
EndProject
Project("{9A19103F-16F7-4668-BE54-9A1E7A4F7556}") = "TicTacToe", "TicTacToe\TicTacToe.csproj", "{5E9A0418-1471-4FC0-A1ED-6C3911717038}"
EndProject
Project("{9A19103F-16F7-4668-BE54-9A1E7A4F7556}") = "GradeBook", "GradeBook\GradeBook.csproj", "{8E2B528D-869C-4852-AC27-991ADD6CA261}"
EndProject
Project("{9A19103F-16F7-4668-BE54-9A1E7A4F7556}") = "PoCos", "PoCos\PoCos.csproj", "{46AE6C60-25B1-4BA2-B26D-ACABB6766ED5}"
EndProject
Project("{9A19103F-16F7-4668-BE54-9A1E7A4F7556}") = "ConsoleApp1", "ConsoleApp1\ConsoleApp1.csproj", "{2284B5AA-EA7E-4A15-B437-339E992CB732}"
EndProject
Project("{9A19103F-16F7-4668-BE54-9A1E7A4F7556}") = "MasterMind", "MasterMind\MasterMind.csproj", "{136ABFEB-2B7D-47A2-8077-E5556A8A0D7B}"
EndProject
Project("{9A19103F-16F7-4668-BE54-9A1E7A4F7556}") = "Towers Of Hanoi", "Towers Of Hanoi\Towers Of Hanoi.csproj", "{E883C948-3A30-4C6D-AF8D-E330BD186578}"
EndProject
Project("{9A19103F-16F7-4668-BE54-9A1E7A4F7556}") = "SuperHeros", "SuperHeros\SuperHeros.csproj", "{906FA774-56CD-441B-BE07-C2C318399F57}"
EndProject
Project("{9A19103F-16F7-4668-BE54-9A1E7A4F7556}") = "Checkers", "Checkers\Checkers.csproj", "{3873972A-AA09-4250-B313-32B92B90EC39}"
EndProject
Project("{9A19103F-16F7-4668-BE54-9A1E7A4F7556}") = "CarLot", "CarLot\CarLot.csproj", "{825B8C33-80A2-49A4-86E4-CB517B05A175}"
EndProject
Project("{FAE04EC0-301F-11D3-BF4B-00C04F79EFBC}") = "TodoApp", "TodoApp\TodoApp.csproj", "{81199CC5-4054-43C6-AAEF-747AFB2708C7}"
EndProject
Global
	GlobalSection(SolutionConfigurationPlatforms) = preSolution
		Debug|Any CPU = Debug|Any CPU
		Release|Any CPU = Release|Any CPU
	EndGlobalSection
	GlobalSection(ProjectConfigurationPlatforms) = postSolution
		{5D0AAF1D-C5AD-42A6-94A9-FEB98E569515}.Debug|Any CPU.ActiveCfg = Debug|Any CPU
		{5D0AAF1D-C5AD-42A6-94A9-FEB98E569515}.Debug|Any CPU.Build.0 = Debug|Any CPU
		{5D0AAF1D-C5AD-42A6-94A9-FEB98E569515}.Release|Any CPU.ActiveCfg = Release|Any CPU
		{5D0AAF1D-C5AD-42A6-94A9-FEB98E569515}.Release|Any CPU.Build.0 = Release|Any CPU
		{6B0FB208-B172-42C4-A9D4-E49A86E973F7}.Debug|Any CPU.ActiveCfg = Debug|Any CPU
		{6B0FB208-B172-42C4-A9D4-E49A86E973F7}.Debug|Any CPU.Build.0 = Debug|Any CPU
		{6B0FB208-B172-42C4-A9D4-E49A86E973F7}.Release|Any CPU.ActiveCfg = Release|Any CPU
		{6B0FB208-B172-42C4-A9D4-E49A86E973F7}.Release|Any CPU.Build.0 = Release|Any CPU
		{5E9A0418-1471-4FC0-A1ED-6C3911717038}.Debug|Any CPU.ActiveCfg = Debug|Any CPU
		{5E9A0418-1471-4FC0-A1ED-6C3911717038}.Debug|Any CPU.Build.0 = Debug|Any CPU
		{5E9A0418-1471-4FC0-A1ED-6C3911717038}.Release|Any CPU.ActiveCfg = Release|Any CPU
		{5E9A0418-1471-4FC0-A1ED-6C3911717038}.Release|Any CPU.Build.0 = Release|Any CPU
		{8E2B528D-869C-4852-AC27-991ADD6CA261}.Debug|Any CPU.ActiveCfg = Debug|Any CPU
		{8E2B528D-869C-4852-AC27-991ADD6CA261}.Debug|Any CPU.Build.0 = Debug|Any CPU
		{8E2B528D-869C-4852-AC27-991ADD6CA261}.Release|Any CPU.ActiveCfg = Release|Any CPU
		{8E2B528D-869C-4852-AC27-991ADD6CA261}.Release|Any CPU.Build.0 = Release|Any CPU
		{46AE6C60-25B1-4BA2-B26D-ACABB6766ED5}.Debug|Any CPU.ActiveCfg = Debug|Any CPU
		{46AE6C60-25B1-4BA2-B26D-ACABB6766ED5}.Debug|Any CPU.Build.0 = Debug|Any CPU
		{46AE6C60-25B1-4BA2-B26D-ACABB6766ED5}.Release|Any CPU.ActiveCfg = Release|Any CPU
		{46AE6C60-25B1-4BA2-B26D-ACABB6766ED5}.Release|Any CPU.Build.0 = Release|Any CPU
		{2284B5AA-EA7E-4A15-B437-339E992CB732}.Debug|Any CPU.ActiveCfg = Debug|Any CPU
		{2284B5AA-EA7E-4A15-B437-339E992CB732}.Debug|Any CPU.Build.0 = Debug|Any CPU
		{2284B5AA-EA7E-4A15-B437-339E992CB732}.Release|Any CPU.ActiveCfg = Release|Any CPU
		{2284B5AA-EA7E-4A15-B437-339E992CB732}.Release|Any CPU.Build.0 = Release|Any CPU
		{136ABFEB-2B7D-47A2-8077-E5556A8A0D7B}.Debug|Any CPU.ActiveCfg = Debug|Any CPU
		{136ABFEB-2B7D-47A2-8077-E5556A8A0D7B}.Debug|Any CPU.Build.0 = Debug|Any CPU
		{136ABFEB-2B7D-47A2-8077-E5556A8A0D7B}.Release|Any CPU.ActiveCfg = Release|Any CPU
		{136ABFEB-2B7D-47A2-8077-E5556A8A0D7B}.Release|Any CPU.Build.0 = Release|Any CPU
		{E883C948-3A30-4C6D-AF8D-E330BD186578}.Debug|Any CPU.ActiveCfg = Debug|Any CPU
		{E883C948-3A30-4C6D-AF8D-E330BD186578}.Debug|Any CPU.Build.0 = Debug|Any CPU
		{E883C948-3A30-4C6D-AF8D-E330BD186578}.Release|Any CPU.ActiveCfg = Release|Any CPU
		{E883C948-3A30-4C6D-AF8D-E330BD186578}.Release|Any CPU.Build.0 = Release|Any CPU
		{906FA774-56CD-441B-BE07-C2C318399F57}.Debug|Any CPU.ActiveCfg = Debug|Any CPU
		{906FA774-56CD-441B-BE07-C2C318399F57}.Debug|Any CPU.Build.0 = Debug|Any CPU
		{906FA774-56CD-441B-BE07-C2C318399F57}.Release|Any CPU.ActiveCfg = Release|Any CPU
		{906FA774-56CD-441B-BE07-C2C318399F57}.Release|Any CPU.Build.0 = Release|Any CPU
		{3873972A-AA09-4250-B313-32B92B90EC39}.Debug|Any CPU.ActiveCfg = Debug|Any CPU
		{3873972A-AA09-4250-B313-32B92B90EC39}.Debug|Any CPU.Build.0 = Debug|Any CPU
		{3873972A-AA09-4250-B313-32B92B90EC39}.Release|Any CPU.ActiveCfg = Release|Any CPU
		{3873972A-AA09-4250-B313-32B92B90EC39}.Release|Any CPU.Build.0 = Release|Any CPU
		{825B8C33-80A2-49A4-86E4-CB517B05A175}.Debug|Any CPU.ActiveCfg = Debug|Any CPU
		{825B8C33-80A2-49A4-86E4-CB517B05A175}.Debug|Any CPU.Build.0 = Debug|Any CPU
		{825B8C33-80A2-49A4-86E4-CB517B05A175}.Release|Any CPU.ActiveCfg = Release|Any CPU
		{825B8C33-80A2-49A4-86E4-CB517B05A175}.Release|Any CPU.Build.0 = Release|Any CPU
		{81199CC5-4054-43C6-AAEF-747AFB2708C7}.Debug|Any CPU.ActiveCfg = Debug|Any CPU
		{81199CC5-4054-43C6-AAEF-747AFB2708C7}.Debug|Any CPU.Build.0 = Debug|Any CPU
		{81199CC5-4054-43C6-AAEF-747AFB2708C7}.Release|Any CPU.ActiveCfg = Release|Any CPU
		{81199CC5-4054-43C6-AAEF-747AFB2708C7}.Release|Any CPU.Build.0 = Release|Any CPU
	EndGlobalSection
	GlobalSection(SolutionProperties) = preSolution
		HideSolutionNode = FALSE
	EndGlobalSection
	GlobalSection(ExtensibilityGlobals) = postSolution
		SolutionGuid = {6BBB1B6A-0140-4AC4-82CD-309936110155}
	EndGlobalSection
EndGlobal
