
Microsoft Visual Studio Solution File, Format Version 12.00
# Visual Studio Version 16
VisualStudioVersion = 16.0.30907.101
MinimumVisualStudioVersion = 10.0.40219.1
Project("{FAE04EC0-301F-11D3-BF4B-00C04F79EFBC}") = "PigLatin", "PigLatin\PigLatin.csproj", "{5D0AAF1D-C5AD-42A6-94A9-FEB98E569515}"
EndProject
Global
	GlobalSection(SolutionConfigurationPlatforms) = preSolution
		Debug|Any CPU = Debug|Any CPU
		Release|Any CPU = Release|Any CPU
	EndGlobalSection
	GlobalSection(ProjectConfigurationPlatforms) = postSolution
		{5D0AAF1D-C5AD-42A6-94A9-FEB98E569515}.Debug|Any CPU.ActiveCfg = Debug|Any CPU
		{5D0AAF1D-C5AD-42A6-94A9-FEB98E569515}.Debug|Any CPU.Build.0 = Debug|Any CPU
		{5D0AAF1D-C5AD-42A6-94A9-FEB98E569515}.Release|Any CPU.ActiveCfg = Release|Any CPU
		{5D0AAF1D-C5AD-42A6-94A9-FEB98E569515}.Release|Any CPU.Build.0 = Release|Any CPU
	EndGlobalSection
	GlobalSection(SolutionProperties) = preSolution
		HideSolutionNode = FALSE
	EndGlobalSection
	GlobalSection(ExtensibilityGlobals) = postSolution
		SolutionGuid = {6BBB1B6A-0140-4AC4-82CD-309936110155}
	EndGlobalSection
EndGlobal
